
Microsoft Visual Studio Solution File, Format Version 12.00
# Visual Studio Version 16
VisualStudioVersion = 16.0.30523.141
MinimumVisualStudioVersion = 10.0.40219.1
Project("{FAE04EC0-301F-11D3-BF4B-00C04F79EFBC}") = "TwitterService", "TwitterService.csproj", "{5F6550E6-7A8B-4660-B5D6-DB393F98A1DF}"
EndProject
Project("{FAE04EC0-301F-11D3-BF4B-00C04F79EFBC}") = "WebAdmin", "..\WebAdmin\WebAdmin.csproj", "{3A51F8FA-B8DF-4AF3-ADAB-AA6A0634E02C}"
EndProject
Global
	GlobalSection(SolutionConfigurationPlatforms) = preSolution
		Debug|Any CPU = Debug|Any CPU
		Release|Any CPU = Release|Any CPU
	EndGlobalSection
	GlobalSection(ProjectConfigurationPlatforms) = postSolution
		{5F6550E6-7A8B-4660-B5D6-DB393F98A1DF}.Debug|Any CPU.ActiveCfg = Debug|Any CPU
		{5F6550E6-7A8B-4660-B5D6-DB393F98A1DF}.Debug|Any CPU.Build.0 = Debug|Any CPU
		{5F6550E6-7A8B-4660-B5D6-DB393F98A1DF}.Release|Any CPU.ActiveCfg = Release|Any CPU
		{5F6550E6-7A8B-4660-B5D6-DB393F98A1DF}.Release|Any CPU.Build.0 = Release|Any CPU
		{3A51F8FA-B8DF-4AF3-ADAB-AA6A0634E02C}.Debug|Any CPU.ActiveCfg = Debug|Any CPU
		{3A51F8FA-B8DF-4AF3-ADAB-AA6A0634E02C}.Debug|Any CPU.Build.0 = Debug|Any CPU
		{3A51F8FA-B8DF-4AF3-ADAB-AA6A0634E02C}.Release|Any CPU.ActiveCfg = Release|Any CPU
		{3A51F8FA-B8DF-4AF3-ADAB-AA6A0634E02C}.Release|Any CPU.Build.0 = Release|Any CPU
	EndGlobalSection
	GlobalSection(SolutionProperties) = preSolution
		HideSolutionNode = FALSE
	EndGlobalSection
	GlobalSection(ExtensibilityGlobals) = postSolution
		SolutionGuid = {B213B818-FF09-4F2D-9338-3DDED8BBCD12}
	EndGlobalSection
EndGlobal
